
Microsoft Visual Studio Solution File, Format Version 12.00
# Visual Studio Version 17
VisualStudioVersion = 17.4.33110.190
MinimumVisualStudioVersion = 10.0.40219.1
Project("{9A19103F-16F7-4668-BE54-9A1E7A4F7556}") = "Advent2023", "Advent2023.csproj", "{B50B877C-B126-43CE-B1FA-A3DB3F242EAA}"
EndProject
Project("{FAE04EC0-301F-11D3-BF4B-00C04F79EFBC}") = "Advent2023Tests", "..\Advent2023Tests\Advent2023Tests.csproj", "{197F5D4C-A60E-4366-9EDE-89CF1FB1C3F9}"
EndProject
Global
	GlobalSection(SolutionConfigurationPlatforms) = preSolution
		Debug|Any CPU = Debug|Any CPU
		Release|Any CPU = Release|Any CPU
	EndGlobalSection
	GlobalSection(ProjectConfigurationPlatforms) = postSolution
		{B50B877C-B126-43CE-B1FA-A3DB3F242EAA}.Debug|Any CPU.ActiveCfg = Debug|Any CPU
		{B50B877C-B126-43CE-B1FA-A3DB3F242EAA}.Debug|Any CPU.Build.0 = Debug|Any CPU
		{B50B877C-B126-43CE-B1FA-A3DB3F242EAA}.Release|Any CPU.ActiveCfg = Release|Any CPU
		{B50B877C-B126-43CE-B1FA-A3DB3F242EAA}.Release|Any CPU.Build.0 = Release|Any CPU
		{197F5D4C-A60E-4366-9EDE-89CF1FB1C3F9}.Debug|Any CPU.ActiveCfg = Debug|Any CPU
		{197F5D4C-A60E-4366-9EDE-89CF1FB1C3F9}.Debug|Any CPU.Build.0 = Debug|Any CPU
		{197F5D4C-A60E-4366-9EDE-89CF1FB1C3F9}.Release|Any CPU.ActiveCfg = Release|Any CPU
		{197F5D4C-A60E-4366-9EDE-89CF1FB1C3F9}.Release|Any CPU.Build.0 = Release|Any CPU
	EndGlobalSection
	GlobalSection(SolutionProperties) = preSolution
		HideSolutionNode = FALSE
	EndGlobalSection
	GlobalSection(ExtensibilityGlobals) = postSolution
		SolutionGuid = {C4E5EE0A-5412-4C19-80DD-418CAACA6986}
	EndGlobalSection
EndGlobal
